{
  "name": "soyaendustriyel",
  "version": "0.0.0",
  "lockfileVersion": 1,
  "requires": true,
  "dependencies": {
    "@kutsan/config": {
      "version": "0.1.0",
      "resolved": "https://registry.npmjs.org/@kutsan/config/-/config-0.1.0.tgz",
      "integrity": "sha512-snNNdMJIV+xk7BQp1XrZjEJRtQVLrcCLsnA1YDNvFwOAMtFX/JykWfxJO7CT9LgoWA7a77hTBlxkQjKnQ95idA==",
      "dev": true
    },
    "prettier": {
      "version": "1.19.1",
      "resolved": "https://registry.npmjs.org/prettier/-/prettier-1.19.1.tgz",
      "integrity": "sha512-s7PoyDv/II1ObgQunCbB9PdLmUcBZcnWOcxDh7O0N/UwDEsHyqkW+Qh28jW+mVuCdx7gLB0BotYI1Y6uI9iyew==",
      "dev": true
    }
  }
}
